
Microsoft Visual Studio Solution File, Format Version 12.00
# Visual Studio 14
VisualStudioVersion = 14.0.25420.1
MinimumVisualStudioVersion = 10.0.40219.1
Project("{FAE04EC0-301F-11D3-BF4B-00C04F79EFBC}") = "SmarttechTask", "SmarttechTask\SmarttechTask.csproj", "{9E450B67-D314-446F-A535-45B78FEB1828}"
EndProject
Project("{FAE04EC0-301F-11D3-BF4B-00C04F79EFBC}") = "Smart.DAL", "ClassLibrary1\Smart.DAL.csproj", "{FD2AC1D1-55A3-4E60-ADC8-43348A2F162D}"
EndProject
Global
	GlobalSection(SolutionConfigurationPlatforms) = preSolution
		Debug|Any CPU = Debug|Any CPU
		Release|Any CPU = Release|Any CPU
	EndGlobalSection
	GlobalSection(ProjectConfigurationPlatforms) = postSolution
		{9E450B67-D314-446F-A535-45B78FEB1828}.Debug|Any CPU.ActiveCfg = Debug|Any CPU
		{9E450B67-D314-446F-A535-45B78FEB1828}.Debug|Any CPU.Build.0 = Debug|Any CPU
		{9E450B67-D314-446F-A535-45B78FEB1828}.Release|Any CPU.ActiveCfg = Release|Any CPU
		{9E450B67-D314-446F-A535-45B78FEB1828}.Release|Any CPU.Build.0 = Release|Any CPU
		{FD2AC1D1-55A3-4E60-ADC8-43348A2F162D}.Debug|Any CPU.ActiveCfg = Debug|Any CPU
		{FD2AC1D1-55A3-4E60-ADC8-43348A2F162D}.Debug|Any CPU.Build.0 = Debug|Any CPU
		{FD2AC1D1-55A3-4E60-ADC8-43348A2F162D}.Release|Any CPU.ActiveCfg = Release|Any CPU
		{FD2AC1D1-55A3-4E60-ADC8-43348A2F162D}.Release|Any CPU.Build.0 = Release|Any CPU
	EndGlobalSection
	GlobalSection(SolutionProperties) = preSolution
		HideSolutionNode = FALSE
	EndGlobalSection
EndGlobal
